
Microsoft Visual Studio Solution File, Format Version 12.00
# Visual Studio Version 16
VisualStudioVersion = 16.0.31129.286
MinimumVisualStudioVersion = 10.0.40219.1
Project("{FAE04EC0-301F-11D3-BF4B-00C04F79EFBC}") = "WPF. SiteMenu", "WPF. SiteMenu\WPF. SiteMenu.csproj", "{D1BE2727-EBB6-43D5-9A30-A16FA5856BFA}"
EndProject
Global
	GlobalSection(SolutionConfigurationPlatforms) = preSolution
		Debug|Any CPU = Debug|Any CPU
		Release|Any CPU = Release|Any CPU
	EndGlobalSection
	GlobalSection(ProjectConfigurationPlatforms) = postSolution
		{D1BE2727-EBB6-43D5-9A30-A16FA5856BFA}.Debug|Any CPU.ActiveCfg = Debug|Any CPU
		{D1BE2727-EBB6-43D5-9A30-A16FA5856BFA}.Debug|Any CPU.Build.0 = Debug|Any CPU
		{D1BE2727-EBB6-43D5-9A30-A16FA5856BFA}.Release|Any CPU.ActiveCfg = Release|Any CPU
		{D1BE2727-EBB6-43D5-9A30-A16FA5856BFA}.Release|Any CPU.Build.0 = Release|Any CPU
	EndGlobalSection
	GlobalSection(SolutionProperties) = preSolution
		HideSolutionNode = FALSE
	EndGlobalSection
	GlobalSection(ExtensibilityGlobals) = postSolution
		SolutionGuid = {64AC6EAF-D624-4B28-8EDF-31597F4C41FC}
	EndGlobalSection
EndGlobal
