
Microsoft Visual Studio Solution File, Format Version 12.00
# Visual Studio Version 16
VisualStudioVersion = 16.0.31129.286
MinimumVisualStudioVersion = 10.0.40219.1
Project("{FAE04EC0-301F-11D3-BF4B-00C04F79EFBC}") = "WPF. Paint", "WPF. Paint\WPF. Paint.csproj", "{2A58306B-4008-4AEE-8849-9C5551379A5B}"
EndProject
Global
	GlobalSection(SolutionConfigurationPlatforms) = preSolution
		Debug|Any CPU = Debug|Any CPU
		Release|Any CPU = Release|Any CPU
	EndGlobalSection
	GlobalSection(ProjectConfigurationPlatforms) = postSolution
		{2A58306B-4008-4AEE-8849-9C5551379A5B}.Debug|Any CPU.ActiveCfg = Debug|Any CPU
		{2A58306B-4008-4AEE-8849-9C5551379A5B}.Debug|Any CPU.Build.0 = Debug|Any CPU
		{2A58306B-4008-4AEE-8849-9C5551379A5B}.Release|Any CPU.ActiveCfg = Release|Any CPU
		{2A58306B-4008-4AEE-8849-9C5551379A5B}.Release|Any CPU.Build.0 = Release|Any CPU
	EndGlobalSection
	GlobalSection(SolutionProperties) = preSolution
		HideSolutionNode = FALSE
	EndGlobalSection
	GlobalSection(ExtensibilityGlobals) = postSolution
		SolutionGuid = {110D1AF3-13D5-421E-AD3E-8922AC99CEE3}
	EndGlobalSection
EndGlobal
